PODS:
  - Alamofire (5.4.0)
  - PagedLists (1.0.0)
  - PromiseKit/CorePromise (6.13.1)
  - Sourcery (1.0.2)

DEPENDENCIES:
  - Alamofire
  - PagedLists (from `https://github.com/litoarias/PagedLists`)
  - PromiseKit/CorePromise
  - Sourcery

SPEC REPOS:
  trunk:
    - Alamofire
    - PromiseKit
    - Sourcery

EXTERNAL SOURCES:
  PagedLists:
    :git: https://github.com/litoarias/PagedLists

CHECKOUT OPTIONS:
  PagedLists:
    :commit: 4aedc27bf2faedc703f028adfc7767339412941a
    :git: https://github.com/litoarias/PagedLists

SPEC CHECKSUMS:
  Alamofire: 3b6a534a3df22db367e4dedeeca73d1ddfcf0e2f
  PagedLists: c0f295efd20332582648d957eb8f595b1eece4d9
  PromiseKit: 28fda91c973cc377875d8c0ea4f973013c05b6db
  Sourcery: e8951e8759ef6a3a0cce412db64832dd23343041

PODFILE CHECKSUM: 5e314e82d7c081da6b6808ed3eaa87c7019f28d7

COCOAPODS: 1.10.0
