// !$*UTF8*$!
{
	archiveVersion = 1;
	classes = {
	};
	objectVersion = 51;
	objects = {

/* Begin PBXBuildFile section */
		410D1F012579A84C00D1F287 /* AppDelegate.swift in Sources */ = {isa = PBXBuildFile; fileRef = 410D1F002579A84C00D1F287 /* AppDelegate.swift */; };
		410D1F052579A84C00D1F287 /* CharacterListViewController.swift in Sources */ = {isa = PBXBuildFile; fileRef = 410D1F042579A84C00D1F287 /* CharacterListViewController.swift */; };
		410D1F0A2579A85300D1F287 /* Assets.xcassets in Resources */ = {isa = PBXBuildFile; fileRef = 410D1F092579A85300D1F287 /* Assets.xcassets */; };
		410D1F0D2579A85300D1F287 /* LaunchScreen.storyboard in Resources */ = {isa = PBXBuildFile; fileRef = 410D1F0B2579A85300D1F287 /* LaunchScreen.storyboard */; };
		410D1F182579A85400D1F287 /* MarvelAppTests.swift in Sources */ = {isa = PBXBuildFile; fileRef = 410D1F172579A85400D1F287 /* MarvelAppTests.swift */; };
		410D1F232579A85400D1F287 /* MarvelAppUITests.swift in Sources */ = {isa = PBXBuildFile; fileRef = 410D1F222579A85400D1F287 /* MarvelAppUITests.swift */; };
		4121F613257A9AA9002DAED9 /* NetworkConstants.swift in Sources */ = {isa = PBXBuildFile; fileRef = 4121F612257A9AA9002DAED9 /* NetworkConstants.swift */; };
		4121F618257A9AC7002DAED9 /* APIRouter.swift in Sources */ = {isa = PBXBuildFile; fileRef = 4121F617257A9AC7002DAED9 /* APIRouter.swift */; };
		415638A1257BCD9B0029C509 /* Environment.generated.swift in Sources */ = {isa = PBXBuildFile; fileRef = 415638A0257BCD9B0029C509 /* Environment.generated.swift */; };
		415638CC257BCED10029C509 /* CharacterListContract.swift in Sources */ = {isa = PBXBuildFile; fileRef = 415638CB257BCED00029C509 /* CharacterListContract.swift */; };
		415638D1257BCF7D0029C509 /* CharacterListViewController+Views.swift in Sources */ = {isa = PBXBuildFile; fileRef = 415638D0257BCF7D0029C509 /* CharacterListViewController+Views.swift */; };
		415638DD257BD0610029C509 /* CharacterListViewModel.swift in Sources */ = {isa = PBXBuildFile; fileRef = 415638DC257BD0610029C509 /* CharacterListViewModel.swift */; };
		41A3F2FE257A664300C75DD6 /* String+md5.swift in Sources */ = {isa = PBXBuildFile; fileRef = 41A3F2FD257A664300C75DD6 /* String+md5.swift */; };
		41A3F316257A794B00C75DD6 /* CharacterRequest.swift in Sources */ = {isa = PBXBuildFile; fileRef = 41A3F310257A794B00C75DD6 /* CharacterRequest.swift */; };
		41A3F317257A794B00C75DD6 /* Thumbnail.swift in Sources */ = {isa = PBXBuildFile; fileRef = 41A3F311257A794B00C75DD6 /* Thumbnail.swift */; };
		41A3F318257A794B00C75DD6 /* ChracterUrl.swift in Sources */ = {isa = PBXBuildFile; fileRef = 41A3F312257A794B00C75DD6 /* ChracterUrl.swift */; };
		41A3F319257A794B00C75DD6 /* Character.swift in Sources */ = {isa = PBXBuildFile; fileRef = 41A3F313257A794B00C75DD6 /* Character.swift */; };
		41A3F31A257A794B00C75DD6 /* Comic.swift in Sources */ = {isa = PBXBuildFile; fileRef = 41A3F314257A794B00C75DD6 /* Comic.swift */; };
		41A3F31B257A794B00C75DD6 /* CharacterData.swift in Sources */ = {isa = PBXBuildFile; fileRef = 41A3F315257A794B00C75DD6 /* CharacterData.swift */; };
		41C5BDC9257BB5700061A5EB /* LoadingTableViewCell.swift in Sources */ = {isa = PBXBuildFile; fileRef = 41C5BDC8257BB5700061A5EB /* LoadingTableViewCell.swift */; };
		41E88904257A8528001E0E3C /* Environment.stencil in Resources */ = {isa = PBXBuildFile; fileRef = 41E88903257A8528001E0E3C /* Environment.stencil */; };
		41E8893A257A8C6A001E0E3C /* Session+PromiseKit.swift in Sources */ = {isa = PBXBuildFile; fileRef = 41E88939257A8C69001E0E3C /* Session+PromiseKit.swift */; };
		41E8894B257A8CDC001E0E3C /* NetworkError.swift in Sources */ = {isa = PBXBuildFile; fileRef = 41E8894A257A8CDC001E0E3C /* NetworkError.swift */; };
		41E88950257A9396001E0E3C /* Data+ErrorCode.swift in Sources */ = {isa = PBXBuildFile; fileRef = 41E8894F257A9396001E0E3C /* Data+ErrorCode.swift */; };
		41FA9BD0257AE2AD006083CB /* Page.swift in Sources */ = {isa = PBXBuildFile; fileRef = 41FA9BCF257AE2AD006083CB /* Page.swift */; };
		7961AA9106146E2D093743D4 /* Pods_MarvelApp.framework in Frameworks */ = {isa = PBXBuildFile; fileRef = 2C22A30F17B675FA1F7C731E /* Pods_MarvelApp.framework */; };
/* End PBXBuildFile section */

/* Begin PBXContainerItemProxy section */
		410D1F142579A85400D1F287 /* PBXContainerItemProxy */ = {
			isa = PBXContainerItemProxy;
			containerPortal = 410D1EF52579A84C00D1F287 /* Project object */;
			proxyType = 1;
			remoteGlobalIDString = 410D1EFC2579A84C00D1F287;
			remoteInfo = MarvelApp;
		};
		410D1F1F2579A85400D1F287 /* PBXContainerItemProxy */ = {
			isa = PBXContainerItemProxy;
			containerPortal = 410D1EF52579A84C00D1F287 /* Project object */;
			proxyType = 1;
			remoteGlobalIDString = 410D1EFC2579A84C00D1F287;
			remoteInfo = MarvelApp;
		};
/* End PBXContainerItemProxy section */

/* Begin PBXFileReference section */
		0DB5B60E695296F38A3C254B /* Pods-MarvelApp.release.xcconfig */ = {isa = PBXFileReference; includeInIndex = 1; lastKnownFileType = text.xcconfig; name = "Pods-MarvelApp.release.xcconfig"; path = "Target Support Files/Pods-MarvelApp/Pods-MarvelApp.release.xcconfig"; sourceTree = "<group>"; };
		2C22A30F17B675FA1F7C731E /* Pods_MarvelApp.framework */ = {isa = PBXFileReference; explicitFileType = wrapper.framework; includeInIndex = 0; path = Pods_MarvelApp.framework; sourceTree = BUILT_PRODUCTS_DIR; };
		410D1EFD2579A84C00D1F287 /* MarvelApp.app */ = {isa = PBXFileReference; explicitFileType = wrapper.application; includeInIndex = 0; path = MarvelApp.app; sourceTree = BUILT_PRODUCTS_DIR; };
		410D1F002579A84C00D1F287 /* AppDelegate.swift */ = {isa = PBXFileReference; lastKnownFileType = sourcecode.swift; path = AppDelegate.swift; sourceTree = "<group>"; };
		410D1F042579A84C00D1F287 /* CharacterListViewController.swift */ = {isa = PBXFileReference; lastKnownFileType = sourcecode.swift; path = CharacterListViewController.swift; sourceTree = "<group>"; };
		410D1F092579A85300D1F287 /* Assets.xcassets */ = {isa = PBXFileReference; lastKnownFileType = folder.assetcatalog; path = Assets.xcassets; sourceTree = "<group>"; };
		410D1F0C2579A85300D1F287 /* Base */ = {isa = PBXFileReference; lastKnownFileType = file.storyboard; name = Base; path = Base.lproj/LaunchScreen.storyboard; sourceTree = "<group>"; };
		410D1F0E2579A85300D1F287 /* Info.plist */ = {isa = PBXFileReference; lastKnownFileType = text.plist.xml; path = Info.plist; sourceTree = "<group>"; };
		410D1F132579A85400D1F287 /* MarvelAppTests.xctest */ = {isa = PBXFileReference; explicitFileType = wrapper.cfbundle; includeInIndex = 0; path = MarvelAppTests.xctest; sourceTree = BUILT_PRODUCTS_DIR; };
		410D1F172579A85400D1F287 /* MarvelAppTests.swift */ = {isa = PBXFileReference; lastKnownFileType = sourcecode.swift; path = MarvelAppTests.swift; sourceTree = "<group>"; };
		410D1F192579A85400D1F287 /* Info.plist */ = {isa = PBXFileReference; lastKnownFileType = text.plist.xml; path = Info.plist; sourceTree = "<group>"; };
		410D1F1E2579A85400D1F287 /* MarvelAppUITests.xctest */ = {isa = PBXFileReference; explicitFileType = wrapper.cfbundle; includeInIndex = 0; path = MarvelAppUITests.xctest; sourceTree = BUILT_PRODUCTS_DIR; };
		410D1F222579A85400D1F287 /* MarvelAppUITests.swift */ = {isa = PBXFileReference; lastKnownFileType = sourcecode.swift; path = MarvelAppUITests.swift; sourceTree = "<group>"; };
		410D1F242579A85400D1F287 /* Info.plist */ = {isa = PBXFileReference; lastKnownFileType = text.plist.xml; path = Info.plist; sourceTree = "<group>"; };
		4121F612257A9AA9002DAED9 /* NetworkConstants.swift */ = {isa = PBXFileReference; fileEncoding = 4; lastKnownFileType = sourcecode.swift; path = NetworkConstants.swift; sourceTree = "<group>"; };
		4121F617257A9AC7002DAED9 /* APIRouter.swift */ = {isa = PBXFileReference; fileEncoding = 4; lastKnownFileType = sourcecode.swift; path = APIRouter.swift; sourceTree = "<group>"; };
		415638A0257BCD9B0029C509 /* Environment.generated.swift */ = {isa = PBXFileReference; fileEncoding = 4; lastKnownFileType = sourcecode.swift; path = Environment.generated.swift; sourceTree = "<group>"; };
		415638CB257BCED00029C509 /* CharacterListContract.swift */ = {isa = PBXFileReference; lastKnownFileType = sourcecode.swift; path = CharacterListContract.swift; sourceTree = "<group>"; };
		415638D0257BCF7D0029C509 /* CharacterListViewController+Views.swift */ = {isa = PBXFileReference; lastKnownFileType = sourcecode.swift; path = "CharacterListViewController+Views.swift"; sourceTree = "<group>"; };
		415638DC257BD0610029C509 /* CharacterListViewModel.swift */ = {isa = PBXFileReference; fileEncoding = 4; lastKnownFileType = sourcecode.swift; path = CharacterListViewModel.swift; sourceTree = "<group>"; };
		41A3F2FD257A664300C75DD6 /* String+md5.swift */ = {isa = PBXFileReference; fileEncoding = 4; lastKnownFileType = sourcecode.swift; path = "String+md5.swift"; sourceTree = "<group>"; };
		41A3F310257A794B00C75DD6 /* CharacterRequest.swift */ = {isa = PBXFileReference; fileEncoding = 4; lastKnownFileType = sourcecode.swift; path = CharacterRequest.swift; sourceTree = "<group>"; };
		41A3F311257A794B00C75DD6 /* Thumbnail.swift */ = {isa = PBXFileReference; fileEncoding = 4; lastKnownFileType = sourcecode.swift; path = Thumbnail.swift; sourceTree = "<group>"; };
		41A3F312257A794B00C75DD6 /* ChracterUrl.swift */ = {isa = PBXFileReference; fileEncoding = 4; lastKnownFileType = sourcecode.swift; path = ChracterUrl.swift; sourceTree = "<group>"; };
		41A3F313257A794B00C75DD6 /* Character.swift */ = {isa = PBXFileReference; fileEncoding = 4; lastKnownFileType = sourcecode.swift; path = Character.swift; sourceTree = "<group>"; };
		41A3F314257A794B00C75DD6 /* Comic.swift */ = {isa = PBXFileReference; fileEncoding = 4; lastKnownFileType = sourcecode.swift; path = Comic.swift; sourceTree = "<group>"; };
		41A3F315257A794B00C75DD6 /* CharacterData.swift */ = {isa = PBXFileReference; fileEncoding = 4; lastKnownFileType = sourcecode.swift; path = CharacterData.swift; sourceTree = "<group>"; };
		41C5BDC8257BB5700061A5EB /* LoadingTableViewCell.swift */ = {isa = PBXFileReference; lastKnownFileType = sourcecode.swift; path = LoadingTableViewCell.swift; sourceTree = "<group>"; };
		41E88903257A8528001E0E3C /* Environment.stencil */ = {isa = PBXFileReference; fileEncoding = 4; lastKnownFileType = text; path = Environment.stencil; sourceTree = "<group>"; };
		41E88939257A8C69001E0E3C /* Session+PromiseKit.swift */ = {isa = PBXFileReference; lastKnownFileType = sourcecode.swift; path = "Session+PromiseKit.swift"; sourceTree = "<group>"; };
		41E8894A257A8CDC001E0E3C /* NetworkError.swift */ = {isa = PBXFileReference; lastKnownFileType = sourcecode.swift; path = NetworkError.swift; sourceTree = "<group>"; };
		41E8894F257A9396001E0E3C /* Data+ErrorCode.swift */ = {isa = PBXFileReference; lastKnownFileType = sourcecode.swift; path = "Data+ErrorCode.swift"; sourceTree = "<group>"; };
		41FA9BCF257AE2AD006083CB /* Page.swift */ = {isa = PBXFileReference; lastKnownFileType = sourcecode.swift; path = Page.swift; sourceTree = "<group>"; };
		E5321DF055BD6CED7A99DD1F /* Pods-MarvelApp.debug.xcconfig */ = {isa = PBXFileReference; includeInIndex = 1; lastKnownFileType = text.xcconfig; name = "Pods-MarvelApp.debug.xcconfig"; path = "Target Support Files/Pods-MarvelApp/Pods-MarvelApp.debug.xcconfig"; sourceTree = "<group>"; };
/* End PBXFileReference section */

/* Begin PBXFrameworksBuildPhase section */
		410D1EFA2579A84C00D1F287 /* Frameworks */ = {
			isa = PBXFrameworksBuildPhase;
			buildActionMask = 2147483647;
			files = (
				7961AA9106146E2D093743D4 /* Pods_MarvelApp.framework in Frameworks */,
			);
			runOnlyForDeploymentPostprocessing = 0;
		};
		410D1F102579A85300D1F287 /* Frameworks */ = {
			isa = PBXFrameworksBuildPhase;
			buildActionMask = 2147483647;
			files = (
			);
			runOnlyForDeploymentPostprocessing = 0;
		};
		410D1F1B2579A85400D1F287 /* Frameworks */ = {
			isa = PBXFrameworksBuildPhase;
			buildActionMask = 2147483647;
			files = (
			);
			runOnlyForDeploymentPostprocessing = 0;
		};
/* End PBXFrameworksBuildPhase section */

/* Begin PBXGroup section */
		410D1EF42579A84C00D1F287 = {
			isa = PBXGroup;
			children = (
				410D1EFF2579A84C00D1F287 /* MarvelApp */,
				410D1F162579A85400D1F287 /* MarvelAppTests */,
				410D1F212579A85400D1F287 /* MarvelAppUITests */,
				410D1EFE2579A84C00D1F287 /* Products */,
				88EBF59F34BCBC7F478F7246 /* Pods */,
				7D3556822E52EEB98AD6BC1A /* Frameworks */,
			);
			sourceTree = "<group>";
		};
		410D1EFE2579A84C00D1F287 /* Products */ = {
			isa = PBXGroup;
			children = (
				410D1EFD2579A84C00D1F287 /* MarvelApp.app */,
				410D1F132579A85400D1F287 /* MarvelAppTests.xctest */,
				410D1F1E2579A85400D1F287 /* MarvelAppUITests.xctest */,
			);
			name = Products;
			sourceTree = "<group>";
		};
		410D1EFF2579A84C00D1F287 /* MarvelApp */ = {
			isa = PBXGroup;
			children = (
				414382DF257BCB0B00EF93E1 /* Application */,
				41A3F302257A682500C75DD6 /* Model */,
				414382D0257BC98200EF93E1 /* View */,
				415638CA257BCEB30029C509 /* ViewModels */,
				414382E0257BCB2400EF93E1 /* Stuff */,
				410D1F092579A85300D1F287 /* Assets.xcassets */,
				410D1F0B2579A85300D1F287 /* LaunchScreen.storyboard */,
				410D1F0E2579A85300D1F287 /* Info.plist */,
			);
			path = MarvelApp;
			sourceTree = "<group>";
		};
		410D1F162579A85400D1F287 /* MarvelAppTests */ = {
			isa = PBXGroup;
			children = (
				410D1F172579A85400D1F287 /* MarvelAppTests.swift */,
				410D1F192579A85400D1F287 /* Info.plist */,
			);
			path = MarvelAppTests;
			sourceTree = "<group>";
		};
		410D1F212579A85400D1F287 /* MarvelAppUITests */ = {
			isa = PBXGroup;
			children = (
				410D1F222579A85400D1F287 /* MarvelAppUITests.swift */,
				410D1F242579A85400D1F287 /* Info.plist */,
			);
			path = MarvelAppUITests;
			sourceTree = "<group>";
		};
		414382D0257BC98200EF93E1 /* View */ = {
			isa = PBXGroup;
			children = (
				414382DD257BCAFA00EF93E1 /* CharacterList */,
			);
			path = View;
			sourceTree = "<group>";
		};
		414382DD257BCAFA00EF93E1 /* CharacterList */ = {
			isa = PBXGroup;
			children = (
				410D1F042579A84C00D1F287 /* CharacterListViewController.swift */,
				415638D0257BCF7D0029C509 /* CharacterListViewController+Views.swift */,
				414382DE257BCB0400EF93E1 /* Cells */,
			);
			path = CharacterList;
			sourceTree = "<group>";
		};
		414382DE257BCB0400EF93E1 /* Cells */ = {
			isa = PBXGroup;
			children = (
				41C5BDC8257BB5700061A5EB /* LoadingTableViewCell.swift */,
			);
			path = Cells;
			sourceTree = "<group>";
		};
		414382DF257BCB0B00EF93E1 /* Application */ = {
			isa = PBXGroup;
			children = (
				410D1F002579A84C00D1F287 /* AppDelegate.swift */,
			);
			path = Application;
			sourceTree = "<group>";
		};
		414382E0257BCB2400EF93E1 /* Stuff */ = {
			isa = PBXGroup;
			children = (
				41E88902257A8528001E0E3C /* Environment */,
				41A3F2FC257A663800C75DD6 /* Utils */,
				41E88927257A8AC6001E0E3C /* Helpers */,
			);
			path = Stuff;
			sourceTree = "<group>";
		};
		415638CA257BCEB30029C509 /* ViewModels */ = {
			isa = PBXGroup;
			children = (
				415638D5257BD0410029C509 /* CharacterList */,
			);
			path = ViewModels;
			sourceTree = "<group>";
		};
		415638D5257BD0410029C509 /* CharacterList */ = {
			isa = PBXGroup;
			children = (
				415638CB257BCED00029C509 /* CharacterListContract.swift */,
				415638DC257BD0610029C509 /* CharacterListViewModel.swift */,
			);
			path = CharacterList;
			sourceTree = "<group>";
		};
		41A3F2FC257A663800C75DD6 /* Utils */ = {
			isa = PBXGroup;
			children = (
				41A3F335257A7F9100C75DD6 /* Extensions */,
			);
			path = Utils;
			sourceTree = "<group>";
		};
		41A3F302257A682500C75DD6 /* Model */ = {
			isa = PBXGroup;
			children = (
				41FA9BCE257AE27B006083CB /* Bussines */,
				41A3F303257A682B00C75DD6 /* Domain */,
			);
			path = Model;
			sourceTree = "<group>";
		};
		41A3F303257A682B00C75DD6 /* Domain */ = {
			isa = PBXGroup;
			children = (
				41A3F331257A7F4B00C75DD6 /* CharacterRequest */,
			);
			path = Domain;
			sourceTree = "<group>";
		};
		41A3F331257A7F4B00C75DD6 /* CharacterRequest */ = {
			isa = PBXGroup;
			children = (
				41A3F310257A794B00C75DD6 /* CharacterRequest.swift */,
				41A3F315257A794B00C75DD6 /* CharacterData.swift */,
				41A3F313257A794B00C75DD6 /* Character.swift */,
				41A3F314257A794B00C75DD6 /* Comic.swift */,
				41A3F311257A794B00C75DD6 /* Thumbnail.swift */,
				41A3F312257A794B00C75DD6 /* ChracterUrl.swift */,
			);
			path = CharacterRequest;
			sourceTree = "<group>";
		};
		41A3F335257A7F9100C75DD6 /* Extensions */ = {
			isa = PBXGroup;
			children = (
				41A3F2FD257A664300C75DD6 /* String+md5.swift */,
				41E8894F257A9396001E0E3C /* Data+ErrorCode.swift */,
			);
			path = Extensions;
			sourceTree = "<group>";
		};
		41E88902257A8528001E0E3C /* Environment */ = {
			isa = PBXGroup;
			children = (
				415638A0257BCD9B0029C509 /* Environment.generated.swift */,
				41E88903257A8528001E0E3C /* Environment.stencil */,
			);
			path = Environment;
			sourceTree = "<group>";
		};
		41E88927257A8AC6001E0E3C /* Helpers */ = {
			isa = PBXGroup;
			children = (
				41E88928257A8AD2001E0E3C /* Client */,
			);
			path = Helpers;
			sourceTree = "<group>";
		};
		41E88928257A8AD2001E0E3C /* Client */ = {
			isa = PBXGroup;
			children = (
				41E8893E257A8CBC001E0E3C /* NetworkErrors */,
				4121F612257A9AA9002DAED9 /* NetworkConstants.swift */,
				4121F617257A9AC7002DAED9 /* APIRouter.swift */,
				41E88939257A8C69001E0E3C /* Session+PromiseKit.swift */,
			);
			path = Client;
			sourceTree = "<group>";
		};
		41E8893E257A8CBC001E0E3C /* NetworkErrors */ = {
			isa = PBXGroup;
			children = (
				41E8894A257A8CDC001E0E3C /* NetworkError.swift */,
			);
			path = NetworkErrors;
			sourceTree = "<group>";
		};
		41FA9BCE257AE27B006083CB /* Bussines */ = {
			isa = PBXGroup;
			children = (
				41FA9BCF257AE2AD006083CB /* Page.swift */,
			);
			path = Bussines;
			sourceTree = "<group>";
		};
		7D3556822E52EEB98AD6BC1A /* Frameworks */ = {
			isa = PBXGroup;
			children = (
				2C22A30F17B675FA1F7C731E /* Pods_MarvelApp.framework */,
			);
			name = Frameworks;
			sourceTree = "<group>";
		};
		88EBF59F34BCBC7F478F7246 /* Pods */ = {
			isa = PBXGroup;
			children = (
				E5321DF055BD6CED7A99DD1F /* Pods-MarvelApp.debug.xcconfig */,
				0DB5B60E695296F38A3C254B /* Pods-MarvelApp.release.xcconfig */,
			);
			path = Pods;
			sourceTree = "<group>";
		};
/* End PBXGroup section */

/* Begin PBXNativeTarget section */
		410D1EFC2579A84C00D1F287 /* MarvelApp */ = {
			isa = PBXNativeTarget;
			buildConfigurationList = 410D1F272579A85400D1F287 /* Build configuration list for PBXNativeTarget "MarvelApp" */;
			buildPhases = (
				8C667F5B8EC3EA6BD8EE0099 /* [CP] Check Pods Manifest.lock */,
				410D1EF92579A84C00D1F287 /* Sources */,
				410D1EFA2579A84C00D1F287 /* Frameworks */,
				410D1EFB2579A84C00D1F287 /* Resources */,
				41D280FF257A42E700B4659B /* Environment */,
				41201C11257ADB7F00BEBFAB /* Swiftlint */,
				B7C42C9A42656DDF0F4F76D2 /* [CP] Embed Pods Frameworks */,
			);
			buildRules = (
			);
			dependencies = (
			);
			name = MarvelApp;
			productName = MarvelApp;
			productReference = 410D1EFD2579A84C00D1F287 /* MarvelApp.app */;
			productType = "com.apple.product-type.application";
		};
		410D1F122579A85300D1F287 /* MarvelAppTests */ = {
			isa = PBXNativeTarget;
			buildConfigurationList = 410D1F2A2579A85400D1F287 /* Build configuration list for PBXNativeTarget "MarvelAppTests" */;
			buildPhases = (
				410D1F0F2579A85300D1F287 /* Sources */,
				410D1F102579A85300D1F287 /* Frameworks */,
				410D1F112579A85300D1F287 /* Resources */,
			);
			buildRules = (
			);
			dependencies = (
				410D1F152579A85400D1F287 /* PBXTargetDependency */,
			);
			name = MarvelAppTests;
			productName = MarvelAppTests;
			productReference = 410D1F132579A85400D1F287 /* MarvelAppTests.xctest */;
			productType = "com.apple.product-type.bundle.unit-test";
		};
		410D1F1D2579A85400D1F287 /* MarvelAppUITests */ = {
			isa = PBXNativeTarget;
			buildConfigurationList = 410D1F2D2579A85400D1F287 /* Build configuration list for PBXNativeTarget "MarvelAppUITests" */;
			buildPhases = (
				410D1F1A2579A85400D1F287 /* Sources */,
				410D1F1B2579A85400D1F287 /* Frameworks */,
				410D1F1C2579A85400D1F287 /* Resources */,
			);
			buildRules = (
			);
			dependencies = (
				410D1F202579A85400D1F287 /* PBXTargetDependency */,
			);
			name = MarvelAppUITests;
			productName = MarvelAppUITests;
			productReference = 410D1F1E2579A85400D1F287 /* MarvelAppUITests.xctest */;
			productType = "com.apple.product-type.bundle.ui-testing";
		};
/* End PBXNativeTarget section */

/* Begin PBXProject section */
		410D1EF52579A84C00D1F287 /* Project object */ = {
			isa = PBXProject;
			attributes = {
				LastSwiftUpdateCheck = 1220;
				LastUpgradeCheck = 1220;
				TargetAttributes = {
					410D1EFC2579A84C00D1F287 = {
						CreatedOnToolsVersion = 12.2;
					};
					410D1F122579A85300D1F287 = {
						CreatedOnToolsVersion = 12.2;
						TestTargetID = 410D1EFC2579A84C00D1F287;
					};
					410D1F1D2579A85400D1F287 = {
						CreatedOnToolsVersion = 12.2;
						TestTargetID = 410D1EFC2579A84C00D1F287;
					};
				};
			};
			buildConfigurationList = 410D1EF82579A84C00D1F287 /* Build configuration list for PBXProject "MarvelApp" */;
			compatibilityVersion = "Xcode 9.3";
			developmentRegion = en;
			hasScannedForEncodings = 0;
			knownRegions = (
				en,
				Base,
			);
			mainGroup = 410D1EF42579A84C00D1F287;
			productRefGroup = 410D1EFE2579A84C00D1F287 /* Products */;
			projectDirPath = "";
			projectRoot = "";
			targets = (
				410D1EFC2579A84C00D1F287 /* MarvelApp */,
				410D1F122579A85300D1F287 /* MarvelAppTests */,
				410D1F1D2579A85400D1F287 /* MarvelAppUITests */,
			);
		};
/* End PBXProject section */

/* Begin PBXResourcesBuildPhase section */
		410D1EFB2579A84C00D1F287 /* Resources */ = {
			isa = PBXResourcesBuildPhase;
			buildActionMask = 2147483647;
			files = (
				410D1F0D2579A85300D1F287 /* LaunchScreen.storyboard in Resources */,
				410D1F0A2579A85300D1F287 /* Assets.xcassets in Resources */,
				41E88904257A8528001E0E3C /* Environment.stencil in Resources */,
			);
			runOnlyForDeploymentPostprocessing = 0;
		};
		410D1F112579A85300D1F287 /* Resources */ = {
			isa = PBXResourcesBuildPhase;
			buildActionMask = 2147483647;
			files = (
			);
			runOnlyForDeploymentPostprocessing = 0;
		};
		410D1F1C2579A85400D1F287 /* Resources */ = {
			isa = PBXResourcesBuildPhase;
			buildActionMask = 2147483647;
			files = (
			);
			runOnlyForDeploymentPostprocessing = 0;
		};
/* End PBXResourcesBuildPhase section */

/* Begin PBXShellScriptBuildPhase section */
		41201C11257ADB7F00BEBFAB /* Swiftlint */ = {
			isa = PBXShellScriptBuildPhase;
			buildActionMask = 2147483647;
			files = (
			);
			inputFileListPaths = (
			);
			inputPaths = (
			);
			name = Swiftlint;
			outputFileListPaths = (
			);
			outputPaths = (
			);
			runOnlyForDeploymentPostprocessing = 0;
			shellPath = /bin/sh;
			shellScript = "if which swiftlint >/dev/null; then\n  swiftlint\nelse\n  echo \"warning: SwiftLint not installed, download from https://github.com/realm/SwiftLint\"\nfi\n";
		};
		41D280FF257A42E700B4659B /* Environment */ = {
			isa = PBXShellScriptBuildPhase;
			buildActionMask = 12;
			files = (
			);
			inputFileListPaths = (
			);
			inputPaths = (
			);
			name = Environment;
			outputFileListPaths = (
			);
			outputPaths = (
			);
			runOnlyForDeploymentPostprocessing = 0;
			shellPath = /bin/sh;
			shellScript = "#check if env-vars.sh exists\necho \"${SRCROOT}/env-vars.sh\"\n\nif [ -f ${SRCROOT}/env-vars.sh ]\nthen\necho \"I am here\"\nsource ${SRCROOT}/env-vars.sh\nfi\n\n#no `else` case needed if the CI works as expected\n${SRCROOT}/Pods/Sourcery/bin/sourcery --templates ${SRCROOT}/MarvelApp --sources ${SRCROOT} --output ${SRCROOT}/MarvelApp/Stuff/Environment --args publicApiKey=$MARVEL_PUBLIC_API_KEY,privateApiKey=$MARVEL_PRIVATE_API_KEY\n";
		};
		8C667F5B8EC3EA6BD8EE0099 /* [CP] Check Pods Manifest.lock */ = {
			isa = PBXShellScriptBuildPhase;
			buildActionMask = 2147483647;
			files = (
			);
			inputFileListPaths = (
			);
			inputPaths = (
				"${PODS_PODFILE_DIR_PATH}/Podfile.lock",
				"${PODS_ROOT}/Manifest.lock",
			);
			name = "[CP] Check Pods Manifest.lock";
			outputFileListPaths = (
			);
			outputPaths = (
				"$(DERIVED_FILE_DIR)/Pods-MarvelApp-checkManifestLockResult.txt",
			);
			runOnlyForDeploymentPostprocessing = 0;
			shellPath = /bin/sh;
			shellScript = "diff \"${PODS_PODFILE_DIR_PATH}/Podfile.lock\" \"${PODS_ROOT}/Manifest.lock\" > /dev/null\nif [ $? != 0 ] ; then\n    # print error to STDERR\n    echo \"error: The sandbox is not in sync with the Podfile.lock. Run 'pod install' or update your CocoaPods installation.\" >&2\n    exit 1\nfi\n# This output is used by Xcode 'outputs' to avoid re-running this script phase.\necho \"SUCCESS\" > \"${SCRIPT_OUTPUT_FILE_0}\"\n";
			showEnvVarsInLog = 0;
		};
		B7C42C9A42656DDF0F4F76D2 /* [CP] Embed Pods Frameworks */ = {
			isa = PBXShellScriptBuildPhase;
			buildActionMask = 2147483647;
			files = (
			);
			inputFileListPaths = (
				"${PODS_ROOT}/Target Support Files/Pods-MarvelApp/Pods-MarvelApp-frameworks-${CONFIGURATION}-input-files.xcfilelist",
			);
			name = "[CP] Embed Pods Frameworks";
			outputFileListPaths = (
				"${PODS_ROOT}/Target Support Files/Pods-MarvelApp/Pods-MarvelApp-frameworks-${CONFIGURATION}-output-files.xcfilelist",
			);
			runOnlyForDeploymentPostprocessing = 0;
			shellPath = /bin/sh;
			shellScript = "\"${PODS_ROOT}/Target Support Files/Pods-MarvelApp/Pods-MarvelApp-frameworks.sh\"\n";
			showEnvVarsInLog = 0;
		};
/* End PBXShellScriptBuildPhase section */

/* Begin PBXSourcesBuildPhase section */
		410D1EF92579A84C00D1F287 /* Sources */ = {
			isa = PBXSourcesBuildPhase;
			buildActionMask = 2147483647;
			files = (
				4121F613257A9AA9002DAED9 /* NetworkConstants.swift in Sources */,
				415638CC257BCED10029C509 /* CharacterListContract.swift in Sources */,
				41C5BDC9257BB5700061A5EB /* LoadingTableViewCell.swift in Sources */,
				41E8894B257A8CDC001E0E3C /* NetworkError.swift in Sources */,
				41FA9BD0257AE2AD006083CB /* Page.swift in Sources */,
				41A3F319257A794B00C75DD6 /* Character.swift in Sources */,
				410D1F052579A84C00D1F287 /* CharacterListViewController.swift in Sources */,
				41E8893A257A8C6A001E0E3C /* Session+PromiseKit.swift in Sources */,
				415638DD257BD0610029C509 /* CharacterListViewModel.swift in Sources */,
				410D1F012579A84C00D1F287 /* AppDelegate.swift in Sources */,
				41A3F31B257A794B00C75DD6 /* CharacterData.swift in Sources */,
				4121F618257A9AC7002DAED9 /* APIRouter.swift in Sources */,
				41A3F2FE257A664300C75DD6 /* String+md5.swift in Sources */,
				41A3F316257A794B00C75DD6 /* CharacterRequest.swift in Sources */,
				415638A1257BCD9B0029C509 /* Environment.generated.swift in Sources */,
				41A3F31A257A794B00C75DD6 /* Comic.swift in Sources */,
				41A3F317257A794B00C75DD6 /* Thumbnail.swift in Sources */,
				41E88950257A9396001E0E3C /* Data+ErrorCode.swift in Sources */,
				41A3F318257A794B00C75DD6 /* ChracterUrl.swift in Sources */,
				415638D1257BCF7D0029C509 /* CharacterListViewController+Views.swift in Sources */,
			);
			runOnlyForDeploymentPostprocessing = 0;
		};
		410D1F0F2579A85300D1F287 /* Sources */ = {
			isa = PBXSourcesBuildPhase;
			buildActionMask = 2147483647;
			files = (
				410D1F182579A85400D1F287 /* MarvelAppTests.swift in Sources */,
			);
			runOnlyForDeploymentPostprocessing = 0;
		};
		410D1F1A2579A85400D1F287 /* Sources */ = {
			isa = PBXSourcesBuildPhase;
			buildActionMask = 2147483647;
			files = (
				410D1F232579A85400D1F287 /* MarvelAppUITests.swift in Sources */,
			);
			runOnlyForDeploymentPostprocessing = 0;
		};
/* End PBXSourcesBuildPhase section */

/* Begin PBXTargetDependency section */
		410D1F152579A85400D1F287 /* PBXTargetDependency */ = {
			isa = PBXTargetDependency;
			target = 410D1EFC2579A84C00D1F287 /* MarvelApp */;
			targetProxy = 410D1F142579A85400D1F287 /* PBXContainerItemProxy */;
		};
		410D1F202579A85400D1F287 /* PBXTargetDependency */ = {
			isa = PBXTargetDependency;
			target = 410D1EFC2579A84C00D1F287 /* MarvelApp */;
			targetProxy = 410D1F1F2579A85400D1F287 /* PBXContainerItemProxy */;
		};
/* End PBXTargetDependency section */

/* Begin PBXVariantGroup section */
		410D1F0B2579A85300D1F287 /* LaunchScreen.storyboard */ = {
			isa = PBXVariantGroup;
			children = (
				410D1F0C2579A85300D1F287 /* Base */,
			);
			name = LaunchScreen.storyboard;
			sourceTree = "<group>";
		};
/* End PBXVariantGroup section */

/* Begin XCBuildConfiguration section */
		410D1F252579A85400D1F287 /* Debug */ = {
			isa = XCBuildConfiguration;
			buildSettings = {
				ALWAYS_SEARCH_USER_PATHS = NO;
				CLANG_ANALYZER_NONNULL = YES;
				CLANG_ANALYZER_NUMBER_OBJECT_CONVERSION = YES_AGGRESSIVE;
				CLANG_CXX_LANGUAGE_STANDARD = "gnu++14";
				CLANG_CXX_LIBRARY = "libc++";
				CLANG_ENABLE_MODULES = YES;
				CLANG_ENABLE_OBJC_ARC = YES;
				CLANG_ENABLE_OBJC_WEAK = YES;
				CLANG_WARN_BLOCK_CAPTURE_AUTORELEASING = YES;
				CLANG_WARN_BOOL_CONVERSION = YES;
				CLANG_WARN_COMMA = YES;
				CLANG_WARN_CONSTANT_CONVERSION = YES;
				CLANG_WARN_DEPRECATED_OBJC_IMPLEMENTATIONS = YES;
				CLANG_WARN_DIRECT_OBJC_ISA_USAGE = YES_ERROR;
				CLANG_WARN_DOCUMENTATION_COMMENTS = YES;
				CLANG_WARN_EMPTY_BODY = YES;
				CLANG_WARN_ENUM_CONVERSION = YES;
				CLANG_WARN_INFINITE_RECURSION = YES;
				CLANG_WARN_INT_CONVERSION = YES;
				CLANG_WARN_NON_LITERAL_NULL_CONVERSION = YES;
				CLANG_WARN_OBJC_IMPLICIT_RETAIN_SELF = YES;
				CLANG_WARN_OBJC_LITERAL_CONVERSION = YES;
				CLANG_WARN_OBJC_ROOT_CLASS = YES_ERROR;
				CLANG_WARN_QUOTED_INCLUDE_IN_FRAMEWORK_HEADER = YES;
				CLANG_WARN_RANGE_LOOP_ANALYSIS = YES;
				CLANG_WARN_STRICT_PROTOTYPES = YES;
				CLANG_WARN_SUSPICIOUS_MOVE = YES;
				CLANG_WARN_UNGUARDED_AVAILABILITY = YES_AGGRESSIVE;
				CLANG_WARN_UNREACHABLE_CODE = YES;
				CLANG_WARN__DUPLICATE_METHOD_MATCH = YES;
				COPY_PHASE_STRIP = NO;
				DEBUG_INFORMATION_FORMAT = dwarf;
				ENABLE_STRICT_OBJC_MSGSEND = YES;
				ENABLE_TESTABILITY = YES;
				GCC_C_LANGUAGE_STANDARD = gnu11;
				GCC_DYNAMIC_NO_PIC = NO;
				GCC_NO_COMMON_BLOCKS = YES;
				GCC_OPTIMIZATION_LEVEL = 0;
				GCC_PREPROCESSOR_DEFINITIONS = (
					"DEBUG=1",
					"$(inherited)",
				);
				GCC_WARN_64_TO_32_BIT_CONVERSION = YES;
				GCC_WARN_ABOUT_RETURN_TYPE = YES_ERROR;
				GCC_WARN_UNDECLARED_SELECTOR = YES;
				GCC_WARN_UNINITIALIZED_AUTOS = YES_AGGRESSIVE;
				GCC_WARN_UNUSED_FUNCTION = YES;
				GCC_WARN_UNUSED_VARIABLE = YES;
				IPHONEOS_DEPLOYMENT_TARGET = 11.0;
				MTL_ENABLE_DEBUG_INFO = INCLUDE_SOURCE;
				MTL_FAST_MATH = YES;
				ONLY_ACTIVE_ARCH = YES;
				SDKROOT = iphoneos;
				SWIFT_ACTIVE_COMPILATION_CONDITIONS = DEBUG;
				SWIFT_OPTIMIZATION_LEVEL = "-Onone";
			};
			name = Debug;
		};
		410D1F262579A85400D1F287 /* Release */ = {
			isa = XCBuildConfiguration;
			buildSettings = {
				ALWAYS_SEARCH_USER_PATHS = NO;
				CLANG_ANALYZER_NONNULL = YES;
				CLANG_ANALYZER_NUMBER_OBJECT_CONVERSION = YES_AGGRESSIVE;
				CLANG_CXX_LANGUAGE_STANDARD = "gnu++14";
				CLANG_CXX_LIBRARY = "libc++";
				CLANG_ENABLE_MODULES = YES;
				CLANG_ENABLE_OBJC_ARC = YES;
				CLANG_ENABLE_OBJC_WEAK = YES;
				CLANG_WARN_BLOCK_CAPTURE_AUTORELEASING = YES;
				CLANG_WARN_BOOL_CONVERSION = YES;
				CLANG_WARN_COMMA = YES;
				CLANG_WARN_CONSTANT_CONVERSION = YES;
				CLANG_WARN_DEPRECATED_OBJC_IMPLEMENTATIONS = YES;
				CLANG_WARN_DIRECT_OBJC_ISA_USAGE = YES_ERROR;
				CLANG_WARN_DOCUMENTATION_COMMENTS = YES;
				CLANG_WARN_EMPTY_BODY = YES;
				CLANG_WARN_ENUM_CONVERSION = YES;
				CLANG_WARN_INFINITE_RECURSION = YES;
				CLANG_WARN_INT_CONVERSION = YES;
				CLANG_WARN_NON_LITERAL_NULL_CONVERSION = YES;
				CLANG_WARN_OBJC_IMPLICIT_RETAIN_SELF = YES;
				CLANG_WARN_OBJC_LITERAL_CONVERSION = YES;
				CLANG_WARN_OBJC_ROOT_CLASS = YES_ERROR;
				CLANG_WARN_QUOTED_INCLUDE_IN_FRAMEWORK_HEADER = YES;
				CLANG_WARN_RANGE_LOOP_ANALYSIS = YES;
				CLANG_WARN_STRICT_PROTOTYPES = YES;
				CLANG_WARN_SUSPICIOUS_MOVE = YES;
				CLANG_WARN_UNGUARDED_AVAILABILITY = YES_AGGRESSIVE;
				CLANG_WARN_UNREACHABLE_CODE = YES;
				CLANG_WARN__DUPLICATE_METHOD_MATCH = YES;
				COPY_PHASE_STRIP = NO;
				DEBUG_INFORMATION_FORMAT = "dwarf-with-dsym";
				ENABLE_NS_ASSERTIONS = NO;
				ENABLE_STRICT_OBJC_MSGSEND = YES;
				GCC_C_LANGUAGE_STANDARD = gnu11;
				GCC_NO_COMMON_BLOCKS = YES;
				GCC_WARN_64_TO_32_BIT_CONVERSION = YES;
				GCC_WARN_ABOUT_RETURN_TYPE = YES_ERROR;
				GCC_WARN_UNDECLARED_SELECTOR = YES;
				GCC_WARN_UNINITIALIZED_AUTOS = YES_AGGRESSIVE;
				GCC_WARN_UNUSED_FUNCTION = YES;
				GCC_WARN_UNUSED_VARIABLE = YES;
				IPHONEOS_DEPLOYMENT_TARGET = 11.0;
				MTL_ENABLE_DEBUG_INFO = NO;
				MTL_FAST_MATH = YES;
				SDKROOT = iphoneos;
				SWIFT_COMPILATION_MODE = wholemodule;
				SWIFT_OPTIMIZATION_LEVEL = "-O";
				VALIDATE_PRODUCT = YES;
			};
			name = Release;
		};
		410D1F282579A85400D1F287 /* Debug */ = {
			isa = XCBuildConfiguration;
			baseConfigurationReference = E5321DF055BD6CED7A99DD1F /* Pods-MarvelApp.debug.xcconfig */;
			buildSettings = {
				ASSETCATALOG_COMPILER_APPICON_NAME = AppIcon;
				ASSETCATALOG_COMPILER_GLOBAL_ACCENT_COLOR_NAME = AccentColor;
				CODE_SIGN_STYLE = Automatic;
				DEVELOPMENT_TEAM = 4U72882THN;
				INFOPLIST_FILE = MarvelApp/Info.plist;
				LD_RUNPATH_SEARCH_PATHS = (
					"$(inherited)",
					"@executable_path/Frameworks",
				);
				PRODUCT_BUNDLE_IDENTIFIER = com.kairosds.hipolito.MarvelApp;
				PRODUCT_NAME = "$(TARGET_NAME)";
				SWIFT_VERSION = 5.0;
				TARGETED_DEVICE_FAMILY = 1;
			};
			name = Debug;
		};
		410D1F292579A85400D1F287 /* Release */ = {
			isa = XCBuildConfiguration;
			baseConfigurationReference = 0DB5B60E695296F38A3C254B /* Pods-MarvelApp.release.xcconfig */;
			buildSettings = {
				ASSETCATALOG_COMPILER_APPICON_NAME = AppIcon;
				ASSETCATALOG_COMPILER_GLOBAL_ACCENT_COLOR_NAME = AccentColor;
				CODE_SIGN_STYLE = Automatic;
				DEVELOPMENT_TEAM = 4U72882THN;
				INFOPLIST_FILE = MarvelApp/Info.plist;
				LD_RUNPATH_SEARCH_PATHS = (
					"$(inherited)",
					"@executable_path/Frameworks",
				);
				PRODUCT_BUNDLE_IDENTIFIER = com.kairosds.hipolito.MarvelApp;
				PRODUCT_NAME = "$(TARGET_NAME)";
				SWIFT_VERSION = 5.0;
				TARGETED_DEVICE_FAMILY = 1;
			};
			name = Release;
		};
		410D1F2B2579A85400D1F287 /* Debug */ = {
			isa = XCBuildConfiguration;
			buildSettings = {
				ALWAYS_EMBED_SWIFT_STANDARD_LIBRARIES = YES;
				BUNDLE_LOADER = "$(TEST_HOST)";
				CODE_SIGN_STYLE = Automatic;
				DEVELOPMENT_TEAM = 4U72882THN;
				INFOPLIST_FILE = MarvelAppTests/Info.plist;
				LD_RUNPATH_SEARCH_PATHS = (
					"$(inherited)",
					"@executable_path/Frameworks",
					"@loader_path/Frameworks",
				);
				PRODUCT_BUNDLE_IDENTIFIER = com.kairosds.hipolito.MarvelAppTests;
				PRODUCT_NAME = "$(TARGET_NAME)";
				SWIFT_VERSION = 5.0;
				TARGETED_DEVICE_FAMILY = "1,2";
				TEST_HOST = "$(BUILT_PRODUCTS_DIR)/MarvelApp.app/MarvelApp";
			};
			name = Debug;
		};
		410D1F2C2579A85400D1F287 /* Release */ = {
			isa = XCBuildConfiguration;
			buildSettings = {
				ALWAYS_EMBED_SWIFT_STANDARD_LIBRARIES = YES;
				BUNDLE_LOADER = "$(TEST_HOST)";
				CODE_SIGN_STYLE = Automatic;
				DEVELOPMENT_TEAM = 4U72882THN;
				INFOPLIST_FILE = MarvelAppTests/Info.plist;
				LD_RUNPATH_SEARCH_PATHS = (
					"$(inherited)",
					"@executable_path/Frameworks",
					"@loader_path/Frameworks",
				);
				PRODUCT_BUNDLE_IDENTIFIER = com.kairosds.hipolito.MarvelAppTests;
				PRODUCT_NAME = "$(TARGET_NAME)";
				SWIFT_VERSION = 5.0;
				TARGETED_DEVICE_FAMILY = "1,2";
				TEST_HOST = "$(BUILT_PRODUCTS_DIR)/MarvelApp.app/MarvelApp";
			};
			name = Release;
		};
		410D1F2E2579A85400D1F287 /* Debug */ = {
			isa = XCBuildConfiguration;
			buildSettings = {
				ALWAYS_EMBED_SWIFT_STANDARD_LIBRARIES = YES;
				CODE_SIGN_STYLE = Automatic;
				DEVELOPMENT_TEAM = 4U72882THN;
				INFOPLIST_FILE = MarvelAppUITests/Info.plist;
				LD_RUNPATH_SEARCH_PATHS = (
					"$(inherited)",
					"@executable_path/Frameworks",
					"@loader_path/Frameworks",
				);
				PRODUCT_BUNDLE_IDENTIFIER = com.kairosds.hipolito.MarvelAppUITests;
				PRODUCT_NAME = "$(TARGET_NAME)";
				SWIFT_VERSION = 5.0;
				TARGETED_DEVICE_FAMILY = "1,2";
				TEST_TARGET_NAME = MarvelApp;
			};
			name = Debug;
		};
		410D1F2F2579A85400D1F287 /* Release */ = {
			isa = XCBuildConfiguration;
			buildSettings = {
				ALWAYS_EMBED_SWIFT_STANDARD_LIBRARIES = YES;
				CODE_SIGN_STYLE = Automatic;
				DEVELOPMENT_TEAM = 4U72882THN;
				INFOPLIST_FILE = MarvelAppUITests/Info.plist;
				LD_RUNPATH_SEARCH_PATHS = (
					"$(inherited)",
					"@executable_path/Frameworks",
					"@loader_path/Frameworks",
				);
				PRODUCT_BUNDLE_IDENTIFIER = com.kairosds.hipolito.MarvelAppUITests;
				PRODUCT_NAME = "$(TARGET_NAME)";
				SWIFT_VERSION = 5.0;
				TARGETED_DEVICE_FAMILY = "1,2";
				TEST_TARGET_NAME = MarvelApp;
			};
			name = Release;
		};
/* End XCBuildConfiguration section */

/* Begin XCConfigurationList section */
		410D1EF82579A84C00D1F287 /* Build configuration list for PBXProject "MarvelApp" */ = {
			isa = XCConfigurationList;
			buildConfigurations = (
				410D1F252579A85400D1F287 /* Debug */,
				410D1F262579A85400D1F287 /* Release */,
			);
			defaultConfigurationIsVisible = 0;
			defaultConfigurationName = Release;
		};
		410D1F272579A85400D1F287 /* Build configuration list for PBXNativeTarget "MarvelApp" */ = {
			isa = XCConfigurationList;
			buildConfigurations = (
				410D1F282579A85400D1F287 /* Debug */,
				410D1F292579A85400D1F287 /* Release */,
			);
			defaultConfigurationIsVisible = 0;
			defaultConfigurationName = Release;
		};
		410D1F2A2579A85400D1F287 /* Build configuration list for PBXNativeTarget "MarvelAppTests" */ = {
			isa = XCConfigurationList;
			buildConfigurations = (
				410D1F2B2579A85400D1F287 /* Debug */,
				410D1F2C2579A85400D1F287 /* Release */,
			);
			defaultConfigurationIsVisible = 0;
			defaultConfigurationName = Release;
		};
		410D1F2D2579A85400D1F287 /* Build configuration list for PBXNativeTarget "MarvelAppUITests" */ = {
			isa = XCConfigurationList;
			buildConfigurations = (
				410D1F2E2579A85400D1F287 /* Debug */,
				410D1F2F2579A85400D1F287 /* Release */,
			);
			defaultConfigurationIsVisible = 0;
			defaultConfigurationName = Release;
		};
/* End XCConfigurationList section */
	};
	rootObject = 410D1EF52579A84C00D1F287 /* Project object */;
}
